<?xml version="1.0" encoding="UTF-8"?>
<!DOCTYPE plist PUBLIC "-//Apple//DTD PLIST 1.0//EN" "http://www.apple.com/DTDs/PropertyList-1.0.dtd">
<plist version="1.0">
<dict>
	<key>archiveVersion</key>
	<string>1</string>
	<key>classes</key>
	<dict/>
	<key>objectVersion</key>
	<string>46</string>
	<key>objects</key>
	<dict>
		<key>17BFC398F81A660C4DB05EDE</key>
		<dict>
			<key>includeInIndex</key>
			<string>1</string>
			<key>isa</key>
			<string>PBXFileReference</string>
			<key>lastKnownFileType</key>
			<string>text.xcconfig</string>
			<key>name</key>
			<string>Pods.release.xcconfig</string>
			<key>path</key>
			<string>Pods/Target Support Files/Pods/Pods.release.xcconfig</string>
			<key>sourceTree</key>
			<string>&lt;group&gt;</string>
		</dict>
		<key>3A8EC77071FA66F0FCF2FFB8</key>
		<dict>
			<key>fileRef</key>
			<string>F0B14D882491E136B425E093</string>
			<key>isa</key>
			<string>PBXBuildFile</string>
		</dict>
		<key>4521EC1B1CB162FD00A0DA5B</key>
		<dict>
			<key>children</key>
			<array>
				<string>4521EC261CB162FD00A0DA5B</string>
				<string>4521EC3B1CB162FD00A0DA5B</string>
				<string>4521EC461CB162FD00A0DA5B</string>
				<string>4521EC251CB162FD00A0DA5B</string>
				<string>6FE2461DA71102ACFB259063</string>
				<string>A98354C04DBCFD389BECB1EA</string>
			</array>
			<key>isa</key>
			<string>PBXGroup</string>
			<key>sourceTree</key>
			<string>&lt;group&gt;</string>
		</dict>
		<key>4521EC1C1CB162FD00A0DA5B</key>
		<dict>
			<key>attributes</key>
			<dict>
				<key>LastSwiftUpdateCheck</key>
				<string>0730</string>
				<key>LastUpgradeCheck</key>
				<string>0730</string>
				<key>ORGANIZATIONNAME</key>
				<string>&#24352;&#24314;&#23431;</string>
				<key>TargetAttributes</key>
				<dict>
					<key>4521EC231CB162FD00A0DA5B</key>
					<dict>
						<key>CreatedOnToolsVersion</key>
						<string>7.3</string>
						<key>DevelopmentTeam</key>
						<string>U8U5954S52</string>
					</dict>
					<key>4521EC371CB162FD00A0DA5B</key>
					<dict>
						<key>CreatedOnToolsVersion</key>
						<string>7.3</string>
						<key>DevelopmentTeam</key>
						<string>U8U5954S52</string>
						<key>TestTargetID</key>
						<string>4521EC231CB162FD00A0DA5B</string>
					</dict>
					<key>4521EC421CB162FD00A0DA5B</key>
					<dict>
						<key>CreatedOnToolsVersion</key>
						<string>7.3</string>
						<key>DevelopmentTeam</key>
						<string>U8U5954S52</string>
						<key>TestTargetID</key>
						<string>4521EC231CB162FD00A0DA5B</string>
					</dict>
				</dict>
			</dict>
			<key>buildConfigurationList</key>
			<string>4521EC1F1CB162FD00A0DA5B</string>
			<key>compatibilityVersion</key>
			<string>Xcode 3.2</string>
			<key>developmentRegion</key>
			<string>English</string>
			<key>hasScannedForEncodings</key>
			<string>0</string>
			<key>isa</key>
			<string>PBXProject</string>
			<key>knownRegions</key>
			<array>
				<string>en</string>
				<string>Base</string>
			</array>
			<key>mainGroup</key>
			<string>4521EC1B1CB162FD00A0DA5B</string>
			<key>productRefGroup</key>
			<string>4521EC251CB162FD00A0DA5B</string>
			<key>projectDirPath</key>
			<string></string>
			<key>projectReferences</key>
			<array/>
			<key>projectRoot</key>
			<string></string>
			<key>targets</key>
			<array>
				<string>4521EC231CB162FD00A0DA5B</string>
				<string>4521EC371CB162FD00A0DA5B</string>
				<string>4521EC421CB162FD00A0DA5B</string>
			</array>
		</dict>
		<key>4521EC1F1CB162FD00A0DA5B</key>
		<dict>
			<key>buildConfigurations</key>
			<array>
				<string>4521EC4A1CB162FD00A0DA5B</string>
				<string>4521EC4B1CB162FD00A0DA5B</string>
			</array>
			<key>defaultConfigurationIsVisible</key>
			<string>0</string>
			<key>defaultConfigurationName</key>
			<string>Release</string>
			<key>isa</key>
			<string>XCConfigurationList</string>
		</dict>
		<key>4521EC201CB162FD00A0DA5B</key>
		<dict>
			<key>buildActionMask</key>
			<string>2147483647</string>
			<key>files</key>
			<array>
				<string>454145801CB6A85B00F64225</string>
				<string>454145821CB6B19500F64225</string>
				<string>4521EC591CB1786300A0DA5B</string>
				<string>4521EC571CB1780300A0DA5B</string>
				<string>4521EC5B1CB178C100A0DA5B</string>
				<string>4521EC2A1CB162FD00A0DA5B</string>
				<string>4521EC281CB162FD00A0DA5B</string>
			</array>
			<key>isa</key>
			<string>PBXSourcesBuildPhase</string>
			<key>runOnlyForDeploymentPostprocessing</key>
			<string>0</string>
		</dict>
		<key>4521EC211CB162FD00A0DA5B</key>
		<dict>
			<key>buildActionMask</key>
			<string>2147483647</string>
			<key>files</key>
			<array>
				<string>3A8EC77071FA66F0FCF2FFB8</string>
			</array>
			<key>isa</key>
			<string>PBXFrameworksBuildPhase</string>
			<key>runOnlyForDeploymentPostprocessing</key>
			<string>0</string>
		</dict>
		<key>4521EC221CB162FD00A0DA5B</key>
		<dict>
			<key>buildActionMask</key>
			<string>2147483647</string>
			<key>files</key>
			<array>
				<string>454145841CB8C7B400F64225</string>
				<string>4521EC321CB162FD00A0DA5B</string>
				<string>4521EC2F1CB162FD00A0DA5B</string>
				<string>4521EC2D1CB162FD00A0DA5B</string>
			</array>
			<key>isa</key>
			<string>PBXResourcesBuildPhase</string>
			<key>runOnlyForDeploymentPostprocessing</key>
			<string>0</string>
		</dict>
		<key>4521EC231CB162FD00A0DA5B</key>
		<dict>
			<key>buildConfigurationList</key>
			<string>4521EC4C1CB162FD00A0DA5B</string>
			<key>buildPhases</key>
			<array>
				<string>C51B327FA25652E04FF4BDCB</string>
				<string>4521EC201CB162FD00A0DA5B</string>
				<string>4521EC211CB162FD00A0DA5B</string>
				<string>4521EC221CB162FD00A0DA5B</string>
				<string>9448916082B80097412FA436</string>
				<string>BC565E45A9791A9249081504</string>
			</array>
			<key>buildRules</key>
			<array/>
			<key>dependencies</key>
			<array/>
			<key>isa</key>
			<string>PBXNativeTarget</string>
			<key>name</key>
			<string>JYTagView</string>
			<key>productName</key>
			<string>JYTagView</string>
			<key>productReference</key>
			<string>4521EC241CB162FD00A0DA5B</string>
			<key>productType</key>
			<string>com.apple.product-type.application</string>
		</dict>
		<key>4521EC241CB162FD00A0DA5B</key>
		<dict>
			<key>explicitFileType</key>
			<string>wrapper.application</string>
			<key>includeInIndex</key>
			<string>0</string>
			<key>isa</key>
			<string>PBXFileReference</string>
			<key>path</key>
			<string>JYTagView.app</string>
			<key>sourceTree</key>
			<string>BUILT_PRODUCTS_DIR</string>
		</dict>
		<key>4521EC251CB162FD00A0DA5B</key>
		<dict>
			<key>children</key>
			<array>
				<string>4521EC241CB162FD00A0DA5B</string>
				<string>4521EC381CB162FD00A0DA5B</string>
				<string>4521EC431CB162FD00A0DA5B</string>
			</array>
			<key>isa</key>
			<string>PBXGroup</string>
			<key>name</key>
			<string>Products</string>
			<key>sourceTree</key>
			<string>&lt;group&gt;</string>
		</dict>
		<key>4521EC261CB162FD00A0DA5B</key>
		<dict>
			<key>children</key>
			<array>
				<string>4521EC551CB177CD00A0DA5B</string>
				<string>4521EC271CB162FD00A0DA5B</string>
				<string>4521EC291CB162FD00A0DA5B</string>
				<string>4521EC2B1CB162FD00A0DA5B</string>
				<string>4521EC2E1CB162FD00A0DA5B</string>
				<string>4521EC301CB162FD00A0DA5B</string>
				<string>4521EC331CB162FD00A0DA5B</string>
			</array>
			<key>isa</key>
			<string>PBXGroup</string>
			<key>path</key>
			<string>JYTagView</string>
			<key>sourceTree</key>
			<string>&lt;group&gt;</string>
		</dict>
		<key>4521EC271CB162FD00A0DA5B</key>
		<dict>
			<key>isa</key>
			<string>PBXFileReference</string>
			<key>lastKnownFileType</key>
			<string>sourcecode.swift</string>
			<key>path</key>
			<string>AppDelegate.swift</string>
			<key>sourceTree</key>
			<string>&lt;group&gt;</string>
		</dict>
		<key>4521EC281CB162FD00A0DA5B</key>
		<dict>
			<key>fileRef</key>
			<string>4521EC271CB162FD00A0DA5B</string>
			<key>isa</key>
			<string>PBXBuildFile</string>
		</dict>
		<key>4521EC291CB162FD00A0DA5B</key>
		<dict>
			<key>isa</key>
			<string>PBXFileReference</string>
			<key>lastKnownFileType</key>
			<string>sourcecode.swift</string>
			<key>path</key>
			<string>ViewController.swift</string>
			<key>sourceTree</key>
			<string>&lt;group&gt;</string>
		</dict>
		<key>4521EC2A1CB162FD00A0DA5B</key>
		<dict>
			<key>fileRef</key>
			<string>4521EC291CB162FD00A0DA5B</string>
			<key>isa</key>
			<string>PBXBuildFile</string>
		</dict>
		<key>4521EC2B1CB162FD00A0DA5B</key>
		<dict>
			<key>children</key>
			<array>
				<string>4521EC2C1CB162FD00A0DA5B</string>
			</array>
			<key>isa</key>
			<string>PBXVariantGroup</string>
			<key>name</key>
			<string>Main.storyboard</string>
			<key>sourceTree</key>
			<string>&lt;group&gt;</string>
		</dict>
		<key>4521EC2C1CB162FD00A0DA5B</key>
		<dict>
			<key>isa</key>
			<string>PBXFileReference</string>
			<key>lastKnownFileType</key>
			<string>file.storyboard</string>
			<key>name</key>
			<string>Base</string>
			<key>path</key>
			<string>Base.lproj/Main.storyboard</string>
			<key>sourceTree</key>
			<string>&lt;group&gt;</string>
		</dict>
		<key>4521EC2D1CB162FD00A0DA5B</key>
		<dict>
			<key>fileRef</key>
			<string>4521EC2B1CB162FD00A0DA5B</string>
			<key>isa</key>
			<string>PBXBuildFile</string>
		</dict>
		<key>4521EC2E1CB162FD00A0DA5B</key>
		<dict>
			<key>isa</key>
			<string>PBXFileReference</string>
			<key>lastKnownFileType</key>
			<string>folder.assetcatalog</string>
			<key>path</key>
			<string>Assets.xcassets</string>
			<key>sourceTree</key>
			<string>&lt;group&gt;</string>
		</dict>
		<key>4521EC2F1CB162FD00A0DA5B</key>
		<dict>
			<key>fileRef</key>
			<string>4521EC2E1CB162FD00A0DA5B</string>
			<key>isa</key>
			<string>PBXBuildFile</string>
		</dict>
		<key>4521EC301CB162FD00A0DA5B</key>
		<dict>
			<key>children</key>
			<array>
				<string>4521EC311CB162FD00A0DA5B</string>
			</array>
			<key>isa</key>
			<string>PBXVariantGroup</string>
			<key>name</key>
			<string>LaunchScreen.storyboard</string>
			<key>sourceTree</key>
			<string>&lt;group&gt;</string>
		</dict>
		<key>4521EC311CB162FD00A0DA5B</key>
		<dict>
			<key>isa</key>
			<string>PBXFileReference</string>
			<key>lastKnownFileType</key>
			<string>file.storyboard</string>
			<key>name</key>
			<string>Base</string>
			<key>path</key>
			<string>Base.lproj/LaunchScreen.storyboard</string>
			<key>sourceTree</key>
			<string>&lt;group&gt;</string>
		</dict>
		<key>4521EC321CB162FD00A0DA5B</key>
		<dict>
			<key>fileRef</key>
			<string>4521EC301CB162FD00A0DA5B</string>
			<key>isa</key>
			<string>PBXBuildFile</string>
		</dict>
		<key>4521EC331CB162FD00A0DA5B</key>
		<dict>
			<key>isa</key>
			<string>PBXFileReference</string>
			<key>lastKnownFileType</key>
			<string>text.plist.xml</string>
			<key>path</key>
			<string>Info.plist</string>
			<key>sourceTree</key>
			<string>&lt;group&gt;</string>
		</dict>
		<key>4521EC341CB162FD00A0DA5B</key>
		<dict>
			<key>buildActionMask</key>
			<string>2147483647</string>
			<key>files</key>
			<array>
				<string>4521EC3D1CB162FD00A0DA5B</string>
			</array>
			<key>isa</key>
			<string>PBXSourcesBuildPhase</string>
			<key>runOnlyForDeploymentPostprocessing</key>
			<string>0</string>
		</dict>
		<key>4521EC351CB162FD00A0DA5B</key>
		<dict>
			<key>buildActionMask</key>
			<string>2147483647</string>
			<key>files</key>
			<array/>
			<key>isa</key>
			<string>PBXFrameworksBuildPhase</string>
			<key>runOnlyForDeploymentPostprocessing</key>
			<string>0</string>
		</dict>
		<key>4521EC361CB162FD00A0DA5B</key>
		<dict>
			<key>buildActionMask</key>
			<string>2147483647</string>
			<key>files</key>
			<array/>
			<key>isa</key>
			<string>PBXResourcesBuildPhase</string>
			<key>runOnlyForDeploymentPostprocessing</key>
			<string>0</string>
		</dict>
		<key>4521EC371CB162FD00A0DA5B</key>
		<dict>
			<key>buildConfigurationList</key>
			<string>4521EC4F1CB162FD00A0DA5B</string>
			<key>buildPhases</key>
			<array>
				<string>4521EC341CB162FD00A0DA5B</string>
				<string>4521EC351CB162FD00A0DA5B</string>
				<string>4521EC361CB162FD00A0DA5B</string>
			</array>
			<key>buildRules</key>
			<array/>
			<key>dependencies</key>
			<array>
				<string>4521EC3A1CB162FD00A0DA5B</string>
			</array>
			<key>isa</key>
			<string>PBXNativeTarget</string>
			<key>name</key>
			<string>JYTagViewTests</string>
			<key>productName</key>
			<string>JYTagViewTests</string>
			<key>productReference</key>
			<string>4521EC381CB162FD00A0DA5B</string>
			<key>productType</key>
			<string>com.apple.product-type.bundle.unit-test</string>
		</dict>
		<key>4521EC381CB162FD00A0DA5B</key>
		<dict>
			<key>explicitFileType</key>
			<string>wrapper.cfbundle</string>
			<key>includeInIndex</key>
			<string>0</string>
			<key>isa</key>
			<string>PBXFileReference</string>
			<key>path</key>
			<string>JYTagViewTests.xctest</string>
			<key>sourceTree</key>
			<string>BUILT_PRODUCTS_DIR</string>
		</dict>
		<key>4521EC391CB162FD00A0DA5B</key>
		<dict>
			<key>containerPortal</key>
			<string>4521EC1C1CB162FD00A0DA5B</string>
			<key>isa</key>
			<string>PBXContainerItemProxy</string>
			<key>proxyType</key>
			<string>1</string>
			<key>remoteGlobalIDString</key>
			<string>4521EC231CB162FD00A0DA5B</string>
			<key>remoteInfo</key>
			<string>JYTagView</string>
		</dict>
		<key>4521EC3A1CB162FD00A0DA5B</key>
		<dict>
			<key>isa</key>
			<string>PBXTargetDependency</string>
			<key>target</key>
			<string>4521EC231CB162FD00A0DA5B</string>
			<key>targetProxy</key>
			<string>4521EC391CB162FD00A0DA5B</string>
		</dict>
		<key>4521EC3B1CB162FD00A0DA5B</key>
		<dict>
			<key>children</key>
			<array>
				<string>4521EC3C1CB162FD00A0DA5B</string>
				<string>4521EC3E1CB162FD00A0DA5B</string>
			</array>
			<key>isa</key>
			<string>PBXGroup</string>
			<key>path</key>
			<string>JYTagViewTests</string>
			<key>sourceTree</key>
			<string>&lt;group&gt;</string>
		</dict>
		<key>4521EC3C1CB162FD00A0DA5B</key>
		<dict>
			<key>isa</key>
			<string>PBXFileReference</string>
			<key>lastKnownFileType</key>
			<string>sourcecode.swift</string>
			<key>path</key>
			<string>JYTagViewTests.swift</string>
			<key>sourceTree</key>
			<string>&lt;group&gt;</string>
		</dict>
		<key>4521EC3D1CB162FD00A0DA5B</key>
		<dict>
			<key>fileRef</key>
			<string>4521EC3C1CB162FD00A0DA5B</string>
			<key>isa</key>
			<string>PBXBuildFile</string>
		</dict>
		<key>4521EC3E1CB162FD00A0DA5B</key>
		<dict>
			<key>isa</key>
			<string>PBXFileReference</string>
			<key>lastKnownFileType</key>
			<string>text.plist.xml</string>
			<key>path</key>
			<string>Info.plist</string>
			<key>sourceTree</key>
			<string>&lt;group&gt;</string>
		</dict>
		<key>4521EC3F1CB162FD00A0DA5B</key>
		<dict>
			<key>buildActionMask</key>
			<string>2147483647</string>
			<key>files</key>
			<array>
				<string>4521EC481CB162FD00A0DA5B</string>
			</array>
			<key>isa</key>
			<string>PBXSourcesBuildPhase</string>
			<key>runOnlyForDeploymentPostprocessing</key>
			<string>0</string>
		</dict>
		<key>4521EC401CB162FD00A0DA5B</key>
		<dict>
			<key>buildActionMask</key>
			<string>2147483647</string>
			<key>files</key>
			<array/>
			<key>isa</key>
			<string>PBXFrameworksBuildPhase</string>
			<key>runOnlyForDeploymentPostprocessing</key>
			<string>0</string>
		</dict>
		<key>4521EC411CB162FD00A0DA5B</key>
		<dict>
			<key>buildActionMask</key>
			<string>2147483647</string>
			<key>files</key>
			<array/>
			<key>isa</key>
			<string>PBXResourcesBuildPhase</string>
			<key>runOnlyForDeploymentPostprocessing</key>
			<string>0</string>
		</dict>
		<key>4521EC421CB162FD00A0DA5B</key>
		<dict>
			<key>buildConfigurationList</key>
			<string>4521EC521CB162FD00A0DA5B</string>
			<key>buildPhases</key>
			<array>
				<string>4521EC3F1CB162FD00A0DA5B</string>
				<string>4521EC401CB162FD00A0DA5B</string>
				<string>4521EC411CB162FD00A0DA5B</string>
			</array>
			<key>buildRules</key>
			<array/>
			<key>dependencies</key>
			<array>
				<string>4521EC451CB162FD00A0DA5B</string>
			</array>
			<key>isa</key>
			<string>PBXNativeTarget</string>
			<key>name</key>
			<string>JYTagViewUITests</string>
			<key>productName</key>
			<string>JYTagViewUITests</string>
			<key>productReference</key>
			<string>4521EC431CB162FD00A0DA5B</string>
			<key>productType</key>
			<string>com.apple.product-type.bundle.ui-testing</string>
		</dict>
		<key>4521EC431CB162FD00A0DA5B</key>
		<dict>
			<key>explicitFileType</key>
			<string>wrapper.cfbundle</string>
			<key>includeInIndex</key>
			<string>0</string>
			<key>isa</key>
			<string>PBXFileReference</string>
			<key>path</key>
			<string>JYTagViewUITests.xctest</string>
			<key>sourceTree</key>
			<string>BUILT_PRODUCTS_DIR</string>
		</dict>
		<key>4521EC441CB162FD00A0DA5B</key>
		<dict>
			<key>containerPortal</key>
			<string>4521EC1C1CB162FD00A0DA5B</string>
			<key>isa</key>
			<string>PBXContainerItemProxy</string>
			<key>proxyType</key>
			<string>1</string>
			<key>remoteGlobalIDString</key>
			<string>4521EC231CB162FD00A0DA5B</string>
			<key>remoteInfo</key>
			<string>JYTagView</string>
		</dict>
		<key>4521EC451CB162FD00A0DA5B</key>
		<dict>
			<key>isa</key>
			<string>PBXTargetDependency</string>
			<key>target</key>
			<string>4521EC231CB162FD00A0DA5B</string>
			<key>targetProxy</key>
			<string>4521EC441CB162FD00A0DA5B</string>
		</dict>
		<key>4521EC461CB162FD00A0DA5B</key>
		<dict>
			<key>children</key>
			<array>
				<string>4521EC471CB162FD00A0DA5B</string>
				<string>4521EC491CB162FD00A0DA5B</string>
			</array>
			<key>isa</key>
			<string>PBXGroup</string>
			<key>path</key>
			<string>JYTagViewUITests</string>
			<key>sourceTree</key>
			<string>&lt;group&gt;</string>
		</dict>
		<key>4521EC471CB162FD00A0DA5B</key>
		<dict>
			<key>isa</key>
			<string>PBXFileReference</string>
			<key>lastKnownFileType</key>
			<string>sourcecode.swift</string>
			<key>path</key>
			<string>JYTagViewUITests.swift</string>
			<key>sourceTree</key>
			<string>&lt;group&gt;</string>
		</dict>
		<key>4521EC481CB162FD00A0DA5B</key>
		<dict>
			<key>fileRef</key>
			<string>4521EC471CB162FD00A0DA5B</string>
			<key>isa</key>
			<string>PBXBuildFile</string>
		</dict>
		<key>4521EC491CB162FD00A0DA5B</key>
		<dict>
			<key>isa</key>
			<string>PBXFileReference</string>
			<key>lastKnownFileType</key>
			<string>text.plist.xml</string>
			<key>path</key>
			<string>Info.plist</string>
			<key>sourceTree</key>
			<string>&lt;group&gt;</string>
		</dict>
		<key>4521EC4A1CB162FD00A0DA5B</key>
		<dict>
			<key>buildSettings</key>
			<dict>
				<key>ALWAYS_SEARCH_USER_PATHS</key>
				<string>NO</string>
				<key>CLANG_ANALYZER_NONNULL</key>
				<string>YES</string>
				<key>CLANG_CXX_LANGUAGE_STANDARD</key>
				<string>gnu++0x</string>
				<key>CLANG_CXX_LIBRARY</key>
				<string>libc++</string>
				<key>CLANG_ENABLE_MODULES</key>
				<string>YES</string>
				<key>CLANG_ENABLE_OBJC_ARC</key>
				<string>YES</string>
				<key>CLANG_WARN_BOOL_CONVERSION</key>
				<string>YES</string>
				<key>CLANG_WARN_CONSTANT_CONVERSION</key>
				<string>YES</string>
				<key>CLANG_WARN_DIRECT_OBJC_ISA_USAGE</key>
				<string>YES_ERROR</string>
				<key>CLANG_WARN_EMPTY_BODY</key>
				<string>YES</string>
				<key>CLANG_WARN_ENUM_CONVERSION</key>
				<string>YES</string>
				<key>CLANG_WARN_INT_CONVERSION</key>
				<string>YES</string>
				<key>CLANG_WARN_OBJC_ROOT_CLASS</key>
				<string>YES_ERROR</string>
				<key>CLANG_WARN_UNREACHABLE_CODE</key>
				<string>YES</string>
				<key>CLANG_WARN__DUPLICATE_METHOD_MATCH</key>
				<string>YES</string>
				<key>CODE_SIGN_IDENTITY[sdk=iphoneos*]</key>
				<string>iPhone Developer</string>
				<key>COPY_PHASE_STRIP</key>
				<string>NO</string>
				<key>DEBUG_INFORMATION_FORMAT</key>
				<string>dwarf</string>
				<key>ENABLE_STRICT_OBJC_MSGSEND</key>
				<string>YES</string>
				<key>ENABLE_TESTABILITY</key>
				<string>YES</string>
				<key>GCC_C_LANGUAGE_STANDARD</key>
				<string>gnu99</string>
				<key>GCC_DYNAMIC_NO_PIC</key>
				<string>NO</string>
				<key>GCC_NO_COMMON_BLOCKS</key>
				<string>YES</string>
				<key>GCC_OPTIMIZATION_LEVEL</key>
				<string>0</string>
				<key>GCC_PREPROCESSOR_DEFINITIONS</key>
				<array>
					<string>DEBUG=1</string>
					<string>$(inherited)</string>
				</array>
				<key>GCC_WARN_64_TO_32_BIT_CONVERSION</key>
				<string>YES</string>
				<key>GCC_WARN_ABOUT_RETURN_TYPE</key>
				<string>YES_ERROR</string>
				<key>GCC_WARN_UNDECLARED_SELECTOR</key>
				<string>YES</string>
				<key>GCC_WARN_UNINITIALIZED_AUTOS</key>
				<string>YES_AGGRESSIVE</string>
				<key>GCC_WARN_UNUSED_FUNCTION</key>
				<string>YES</string>
				<key>GCC_WARN_UNUSED_VARIABLE</key>
				<string>YES</string>
				<key>IPHONEOS_DEPLOYMENT_TARGET</key>
				<string>9.3</string>
				<key>MTL_ENABLE_DEBUG_INFO</key>
				<string>YES</string>
				<key>ONLY_ACTIVE_ARCH</key>
				<string>YES</string>
				<key>SDKROOT</key>
				<string>iphoneos</string>
				<key>SWIFT_OPTIMIZATION_LEVEL</key>
				<string>-Onone</string>
			</dict>
			<key>isa</key>
			<string>XCBuildConfiguration</string>
			<key>name</key>
			<string>Debug</string>
		</dict>
		<key>4521EC4B1CB162FD00A0DA5B</key>
		<dict>
			<key>buildSettings</key>
			<dict>
				<key>ALWAYS_SEARCH_USER_PATHS</key>
				<string>NO</string>
				<key>CLANG_ANALYZER_NONNULL</key>
				<string>YES</string>
				<key>CLANG_CXX_LANGUAGE_STANDARD</key>
				<string>gnu++0x</string>
				<key>CLANG_CXX_LIBRARY</key>
				<string>libc++</string>
				<key>CLANG_ENABLE_MODULES</key>
				<string>YES</string>
				<key>CLANG_ENABLE_OBJC_ARC</key>
				<string>YES</string>
				<key>CLANG_WARN_BOOL_CONVERSION</key>
				<string>YES</string>
				<key>CLANG_WARN_CONSTANT_CONVERSION</key>
				<string>YES</string>
				<key>CLANG_WARN_DIRECT_OBJC_ISA_USAGE</key>
				<string>YES_ERROR</string>
				<key>CLANG_WARN_EMPTY_BODY</key>
				<string>YES</string>
				<key>CLANG_WARN_ENUM_CONVERSION</key>
				<string>YES</string>
				<key>CLANG_WARN_INT_CONVERSION</key>
				<string>YES</string>
				<key>CLANG_WARN_OBJC_ROOT_CLASS</key>
				<string>YES_ERROR</string>
				<key>CLANG_WARN_UNREACHABLE_CODE</key>
				<string>YES</string>
				<key>CLANG_WARN__DUPLICATE_METHOD_MATCH</key>
				<string>YES</string>
				<key>CODE_SIGN_IDENTITY[sdk=iphoneos*]</key>
				<string>iPhone Developer</string>
				<key>COPY_PHASE_STRIP</key>
				<string>NO</string>
				<key>DEBUG_INFORMATION_FORMAT</key>
				<string>dwarf-with-dsym</string>
				<key>ENABLE_NS_ASSERTIONS</key>
				<string>NO</string>
				<key>ENABLE_STRICT_OBJC_MSGSEND</key>
				<string>YES</string>
				<key>GCC_C_LANGUAGE_STANDARD</key>
				<string>gnu99</string>
				<key>GCC_NO_COMMON_BLOCKS</key>
				<string>YES</string>
				<key>GCC_WARN_64_TO_32_BIT_CONVERSION</key>
				<string>YES</string>
				<key>GCC_WARN_ABOUT_RETURN_TYPE</key>
				<string>YES_ERROR</string>
				<key>GCC_WARN_UNDECLARED_SELECTOR</key>
				<string>YES</string>
				<key>GCC_WARN_UNINITIALIZED_AUTOS</key>
				<string>YES_AGGRESSIVE</string>
				<key>GCC_WARN_UNUSED_FUNCTION</key>
				<string>YES</string>
				<key>GCC_WARN_UNUSED_VARIABLE</key>
				<string>YES</string>
				<key>IPHONEOS_DEPLOYMENT_TARGET</key>
				<string>9.3</string>
				<key>MTL_ENABLE_DEBUG_INFO</key>
				<string>NO</string>
				<key>SDKROOT</key>
				<string>iphoneos</string>
				<key>VALIDATE_PRODUCT</key>
				<string>YES</string>
			</dict>
			<key>isa</key>
			<string>XCBuildConfiguration</string>
			<key>name</key>
			<string>Release</string>
		</dict>
		<key>4521EC4C1CB162FD00A0DA5B</key>
		<dict>
			<key>buildConfigurations</key>
			<array>
				<string>4521EC4D1CB162FD00A0DA5B</string>
				<string>4521EC4E1CB162FD00A0DA5B</string>
			</array>
			<key>defaultConfigurationIsVisible</key>
			<string>0</string>
			<key>defaultConfigurationName</key>
			<string>Release</string>
			<key>isa</key>
			<string>XCConfigurationList</string>
		</dict>
		<key>4521EC4D1CB162FD00A0DA5B</key>
		<dict>
			<key>baseConfigurationReference</key>
			<string>7AB3AC69B896558AA72C91D7</string>
			<key>buildSettings</key>
			<dict>
				<key>ASSETCATALOG_COMPILER_APPICON_NAME</key>
				<string>AppIcon</string>
				<key>INFOPLIST_FILE</key>
				<string>JYTagView/Info.plist</string>
				<key>LD_RUNPATH_SEARCH_PATHS</key>
				<string>$(inherited) @executable_path/Frameworks</string>
				<key>PRODUCT_BUNDLE_IDENTIFIER</key>
				<string>cn.Jatstar.JYTagView</string>
				<key>PRODUCT_NAME</key>
				<string>$(TARGET_NAME)</string>
			</dict>
			<key>isa</key>
			<string>XCBuildConfiguration</string>
			<key>name</key>
			<string>Debug</string>
		</dict>
		<key>4521EC4E1CB162FD00A0DA5B</key>
		<dict>
			<key>baseConfigurationReference</key>
			<string>17BFC398F81A660C4DB05EDE</string>
			<key>buildSettings</key>
			<dict>
				<key>ASSETCATALOG_COMPILER_APPICON_NAME</key>
				<string>AppIcon</string>
				<key>INFOPLIST_FILE</key>
				<string>JYTagView/Info.plist</string>
				<key>LD_RUNPATH_SEARCH_PATHS</key>
				<string>$(inherited) @executable_path/Frameworks</string>
				<key>PRODUCT_BUNDLE_IDENTIFIER</key>
				<string>cn.Jatstar.JYTagView</string>
				<key>PRODUCT_NAME</key>
				<string>$(TARGET_NAME)</string>
			</dict>
			<key>isa</key>
			<string>XCBuildConfiguration</string>
			<key>name</key>
			<string>Release</string>
		</dict>
		<key>4521EC4F1CB162FD00A0DA5B</key>
		<dict>
			<key>buildConfigurations</key>
			<array>
				<string>4521EC501CB162FD00A0DA5B</string>
				<string>4521EC511CB162FD00A0DA5B</string>
			</array>
			<key>defaultConfigurationIsVisible</key>
			<string>0</string>
			<key>defaultConfigurationName</key>
			<string>Release</string>
			<key>isa</key>
			<string>XCConfigurationList</string>
		</dict>
		<key>4521EC501CB162FD00A0DA5B</key>
		<dict>
			<key>buildSettings</key>
			<dict>
				<key>BUNDLE_LOADER</key>
				<string>$(TEST_HOST)</string>
				<key>INFOPLIST_FILE</key>
				<string>JYTagViewTests/Info.plist</string>
				<key>LD_RUNPATH_SEARCH_PATHS</key>
				<string>$(inherited) @executable_path/Frameworks @loader_path/Frameworks</string>
				<key>PRODUCT_BUNDLE_IDENTIFIER</key>
				<string>cn.Jatstar.JYTagViewTests</string>
				<key>PRODUCT_NAME</key>
				<string>$(TARGET_NAME)</string>
				<key>TEST_HOST</key>
				<string>$(BUILT_PRODUCTS_DIR)/JYTagView.app/JYTagView</string>
			</dict>
			<key>isa</key>
			<string>XCBuildConfiguration</string>
			<key>name</key>
			<string>Debug</string>
		</dict>
		<key>4521EC511CB162FD00A0DA5B</key>
		<dict>
			<key>buildSettings</key>
			<dict>
				<key>BUNDLE_LOADER</key>
				<string>$(TEST_HOST)</string>
				<key>INFOPLIST_FILE</key>
				<string>JYTagViewTests/Info.plist</string>
				<key>LD_RUNPATH_SEARCH_PATHS</key>
				<string>$(inherited) @executable_path/Frameworks @loader_path/Frameworks</string>
				<key>PRODUCT_BUNDLE_IDENTIFIER</key>
				<string>cn.Jatstar.JYTagViewTests</string>
				<key>PRODUCT_NAME</key>
				<string>$(TARGET_NAME)</string>
				<key>TEST_HOST</key>
				<string>$(BUILT_PRODUCTS_DIR)/JYTagView.app/JYTagView</string>
			</dict>
			<key>isa</key>
			<string>XCBuildConfiguration</string>
			<key>name</key>
			<string>Release</string>
		</dict>
		<key>4521EC521CB162FD00A0DA5B</key>
		<dict>
			<key>buildConfigurations</key>
			<array>
				<string>4521EC531CB162FD00A0DA5B</string>
				<string>4521EC541CB162FD00A0DA5B</string>
			</array>
			<key>defaultConfigurationIsVisible</key>
			<string>0</string>
			<key>defaultConfigurationName</key>
			<string>Release</string>
			<key>isa</key>
			<string>XCConfigurationList</string>
		</dict>
		<key>4521EC531CB162FD00A0DA5B</key>
		<dict>
			<key>buildSettings</key>
			<dict>
				<key>INFOPLIST_FILE</key>
				<string>JYTagViewUITests/Info.plist</string>
				<key>LD_RUNPATH_SEARCH_PATHS</key>
				<string>$(inherited) @executable_path/Frameworks @loader_path/Frameworks</string>
				<key>PRODUCT_BUNDLE_IDENTIFIER</key>
				<string>cn.Jatstar.JYTagViewUITests</string>
				<key>PRODUCT_NAME</key>
				<string>$(TARGET_NAME)</string>
				<key>TEST_TARGET_NAME</key>
				<string>JYTagView</string>
			</dict>
			<key>isa</key>
			<string>XCBuildConfiguration</string>
			<key>name</key>
			<string>Debug</string>
		</dict>
		<key>4521EC541CB162FD00A0DA5B</key>
		<dict>
			<key>buildSettings</key>
			<dict>
				<key>INFOPLIST_FILE</key>
				<string>JYTagViewUITests/Info.plist</string>
				<key>LD_RUNPATH_SEARCH_PATHS</key>
				<string>$(inherited) @executable_path/Frameworks @loader_path/Frameworks</string>
				<key>PRODUCT_BUNDLE_IDENTIFIER</key>
				<string>cn.Jatstar.JYTagViewUITests</string>
				<key>PRODUCT_NAME</key>
				<string>$(TARGET_NAME)</string>
				<key>TEST_TARGET_NAME</key>
				<string>JYTagView</string>
			</dict>
			<key>isa</key>
			<string>XCBuildConfiguration</string>
			<key>name</key>
			<string>Release</string>
		</dict>
		<key>4521EC551CB177CD00A0DA5B</key>
		<dict>
			<key>children</key>
			<array>
				<string>454145831CB8C7B400F64225</string>
				<string>4521EC561CB1780300A0DA5B</string>
				<string>4521EC581CB1786200A0DA5B</string>
				<string>4521EC5A1CB178C100A0DA5B</string>
				<string>4541457F1CB6A85B00F64225</string>
				<string>454145811CB6B19500F64225</string>
			</array>
			<key>isa</key>
			<string>PBXGroup</string>
			<key>path</key>
			<string>Tag</string>
			<key>sourceTree</key>
			<string>&lt;group&gt;</string>
		</dict>
		<key>4521EC561CB1780300A0DA5B</key>
		<dict>
			<key>fileEncoding</key>
			<string>4</string>
			<key>isa</key>
			<string>PBXFileReference</string>
			<key>lastKnownFileType</key>
			<string>sourcecode.swift</string>
			<key>path</key>
			<string>JYTagModel.swift</string>
			<key>sourceTree</key>
			<string>&lt;group&gt;</string>
		</dict>
		<key>4521EC571CB1780300A0DA5B</key>
		<dict>
			<key>fileRef</key>
			<string>4521EC561CB1780300A0DA5B</string>
			<key>isa</key>
			<string>PBXBuildFile</string>
		</dict>
		<key>4521EC581CB1786200A0DA5B</key>
		<dict>
			<key>fileEncoding</key>
			<string>4</string>
			<key>isa</key>
			<string>PBXFileReference</string>
			<key>lastKnownFileType</key>
			<string>sourcecode.swift</string>
			<key>path</key>
			<string>JYTagView.swift</string>
			<key>sourceTree</key>
			<string>&lt;group&gt;</string>
		</dict>
		<key>4521EC591CB1786300A0DA5B</key>
		<dict>
			<key>fileRef</key>
			<string>4521EC581CB1786200A0DA5B</string>
			<key>isa</key>
			<string>PBXBuildFile</string>
		</dict>
		<key>4521EC5A1CB178C100A0DA5B</key>
		<dict>
			<key>fileEncoding</key>
			<string>4</string>
			<key>isa</key>
			<string>PBXFileReference</string>
			<key>lastKnownFileType</key>
			<string>sourcecode.swift</string>
			<key>path</key>
			<string>JYTagViewCell.swift</string>
			<key>sourceTree</key>
			<string>&lt;group&gt;</string>
		</dict>
		<key>4521EC5B1CB178C100A0DA5B</key>
		<dict>
			<key>fileRef</key>
			<string>4521EC5A1CB178C100A0DA5B</string>
			<key>isa</key>
			<string>PBXBuildFile</string>
		</dict>
		<key>4541457F1CB6A85B00F64225</key>
		<dict>
			<key>fileEncoding</key>
			<string>4</string>
			<key>isa</key>
			<string>PBXFileReference</string>
			<key>lastKnownFileType</key>
			<string>sourcecode.swift</string>
			<key>path</key>
			<string>UIImage+RoundedCorner.swift</string>
			<key>sourceTree</key>
			<string>&lt;group&gt;</string>
		</dict>
		<key>454145801CB6A85B00F64225</key>
		<dict>
			<key>fileRef</key>
			<string>4541457F1CB6A85B00F64225</string>
			<key>isa</key>
			<string>PBXBuildFile</string>
		</dict>
		<key>454145811CB6B19500F64225</key>
		<dict>
			<key>fileEncoding</key>
			<string>4</string>
			<key>isa</key>
			<string>PBXFileReference</string>
			<key>lastKnownFileType</key>
			<string>sourcecode.swift</string>
			<key>path</key>
			<string>UIView+RoundedCorner.swift</string>
			<key>sourceTree</key>
			<string>&lt;group&gt;</string>
		</dict>
		<key>454145821CB6B19500F64225</key>
		<dict>
			<key>fileRef</key>
			<string>454145811CB6B19500F64225</string>
			<key>isa</key>
			<string>PBXBuildFile</string>
		</dict>
		<key>454145831CB8C7B400F64225</key>
		<dict>
			<key>fileEncoding</key>
			<string>4</string>
			<key>isa</key>
			<string>PBXFileReference</string>
			<key>lastKnownFileType</key>
			<string>text.json</string>
			<key>path</key>
			<string>tags.json</string>
			<key>sourceTree</key>
			<string>&lt;group&gt;</string>
		</dict>
		<key>454145841CB8C7B400F64225</key>
		<dict>
			<key>fileRef</key>
			<string>454145831CB8C7B400F64225</string>
			<key>isa</key>
			<string>PBXBuildFile</string>
		</dict>
		<key>6FE2461DA71102ACFB259063</key>
		<dict>
			<key>children</key>
			<array>
				<string>7AB3AC69B896558AA72C91D7</string>
				<string>17BFC398F81A660C4DB05EDE</string>
			</array>
			<key>isa</key>
			<string>PBXGroup</string>
			<key>name</key>
			<string>Pods</string>
			<key>sourceTree</key>
			<string>&lt;group&gt;</string>
		</dict>
		<key>7AB3AC69B896558AA72C91D7</key>
		<dict>
			<key>includeInIndex</key>
			<string>1</string>
			<key>isa</key>
			<string>PBXFileReference</string>
			<key>lastKnownFileType</key>
			<string>text.xcconfig</string>
			<key>name</key>
			<string>Pods.debug.xcconfig</string>
			<key>path</key>
			<string>Pods/Target Support Files/Pods/Pods.debug.xcconfig</string>
			<key>sourceTree</key>
			<string>&lt;group&gt;</string>
		</dict>
		<key>9448916082B80097412FA436</key>
		<dict>
			<key>buildActionMask</key>
			<string>2147483647</string>
			<key>files</key>
			<array/>
			<key>inputPaths</key>
			<array/>
			<key>isa</key>
			<string>PBXShellScriptBuildPhase</string>
			<key>name</key>
			<string>Embed Pods Frameworks</string>
			<key>outputPaths</key>
			<array/>
			<key>runOnlyForDeploymentPostprocessing</key>
			<string>0</string>
			<key>shellPath</key>
			<string>/bin/sh</string>
			<key>shellScript</key>
			<string>"${SRCROOT}/Pods/Target Support Files/Pods/Pods-frameworks.sh"
</string>
			<key>showEnvVarsInLog</key>
			<string>0</string>
		</dict>
		<key>A98354C04DBCFD389BECB1EA</key>
		<dict>
			<key>children</key>
			<array>
				<string>F0B14D882491E136B425E093</string>
			</array>
			<key>isa</key>
			<string>PBXGroup</string>
			<key>name</key>
			<string>Frameworks</string>
			<key>sourceTree</key>
			<string>&lt;group&gt;</string>
		</dict>
		<key>BC565E45A9791A9249081504</key>
		<dict>
			<key>buildActionMask</key>
			<string>2147483647</string>
			<key>files</key>
			<array/>
			<key>inputPaths</key>
			<array/>
			<key>isa</key>
			<string>PBXShellScriptBuildPhase</string>
			<key>name</key>
			<string>Copy Pods Resources</string>
			<key>outputPaths</key>
			<array/>
			<key>runOnlyForDeploymentPostprocessing</key>
			<string>0</string>
			<key>shellPath</key>
			<string>/bin/sh</string>
			<key>shellScript</key>
			<string>"${SRCROOT}/Pods/Target Support Files/Pods/Pods-resources.sh"
</string>
			<key>showEnvVarsInLog</key>
			<string>0</string>
		</dict>
		<key>C51B327FA25652E04FF4BDCB</key>
		<dict>
			<key>buildActionMask</key>
			<string>2147483647</string>
			<key>files</key>
			<array/>
			<key>inputPaths</key>
			<array/>
			<key>isa</key>
			<string>PBXShellScriptBuildPhase</string>
			<key>name</key>
			<string>Check Pods Manifest.lock</string>
			<key>outputPaths</key>
			<array/>
			<key>runOnlyForDeploymentPostprocessing</key>
			<string>0</string>
			<key>shellPath</key>
			<string>/bin/sh</string>
			<key>shellScript</key>
			<string>diff "${PODS_ROOT}/../Podfile.lock" "${PODS_ROOT}/Manifest.lock" &gt; /dev/null
if [[ $? != 0 ]] ; then
    cat &lt;&lt; EOM
error: The sandbox is not in sync with the Podfile.lock. Run 'pod install' or update your CocoaPods installation.
EOM
    exit 1
fi
</string>
			<key>showEnvVarsInLog</key>
			<string>0</string>
		</dict>
		<key>F0B14D882491E136B425E093</key>
		<dict>
			<key>explicitFileType</key>
			<string>wrapper.framework</string>
			<key>includeInIndex</key>
			<string>0</string>
			<key>isa</key>
			<string>PBXFileReference</string>
			<key>path</key>
			<string>Pods.framework</string>
			<key>sourceTree</key>
			<string>BUILT_PRODUCTS_DIR</string>
		</dict>
	</dict>
	<key>rootObject</key>
	<string>4521EC1C1CB162FD00A0DA5B</string>
</dict>
</plist>
