// !$*UTF8*$!
{
	archiveVersion = 1;
	classes = {
	};
	objectVersion = 46;
	objects = {

/* Begin PBXBuildFile section */
		3A8EC77071FA66F0FCF2FFB8 /* Pods.framework in Frameworks */ = {isa = PBXBuildFile; fileRef = F0B14D882491E136B425E093 /* Pods.framework */; };
		4521EC281CB162FD00A0DA5B /* AppDelegate.swift in Sources */ = {isa = PBXBuildFile; fileRef = 4521EC271CB162FD00A0DA5B /* AppDelegate.swift */; };
		4521EC2A1CB162FD00A0DA5B /* ViewController.swift in Sources */ = {isa = PBXBuildFile; fileRef = 4521EC291CB162FD00A0DA5B /* ViewController.swift */; };
		4521EC2D1CB162FD00A0DA5B /* Main.storyboard in Resources */ = {isa = PBXBuildFile; fileRef = 4521EC2B1CB162FD00A0DA5B /* Main.storyboard */; };
		4521EC2F1CB162FD00A0DA5B /* Assets.xcassets in Resources */ = {isa = PBXBuildFile; fileRef = 4521EC2E1CB162FD00A0DA5B /* Assets.xcassets */; };
		4521EC321CB162FD00A0DA5B /* LaunchScreen.storyboard in Resources */ = {isa = PBXBuildFile; fileRef = 4521EC301CB162FD00A0DA5B /* LaunchScreen.storyboard */; };
		4521EC3D1CB162FD00A0DA5B /* JYTagViewTests.swift in Sources */ = {isa = PBXBuildFile; fileRef = 4521EC3C1CB162FD00A0DA5B /* JYTagViewTests.swift */; };
		4521EC481CB162FD00A0DA5B /* JYTagViewUITests.swift in Sources */ = {isa = PBXBuildFile; fileRef = 4521EC471CB162FD00A0DA5B /* JYTagViewUITests.swift */; };
		4521EC571CB1780300A0DA5B /* JYTagModel.swift in Sources */ = {isa = PBXBuildFile; fileRef = 4521EC561CB1780300A0DA5B /* JYTagModel.swift */; };
		4521EC591CB1786300A0DA5B /* JYTagView.swift in Sources */ = {isa = PBXBuildFile; fileRef = 4521EC581CB1786200A0DA5B /* JYTagView.swift */; };
		4521EC5B1CB178C100A0DA5B /* JYTagViewCell.swift in Sources */ = {isa = PBXBuildFile; fileRef = 4521EC5A1CB178C100A0DA5B /* JYTagViewCell.swift */; };
		454145801CB6A85B00F64225 /* UIImage+RoundedCorner.swift in Sources */ = {isa = PBXBuildFile; fileRef = 4541457F1CB6A85B00F64225 /* UIImage+RoundedCorner.swift */; };
		454145821CB6B19500F64225 /* UIView+RoundedCorner.swift in Sources */ = {isa = PBXBuildFile; fileRef = 454145811CB6B19500F64225 /* UIView+RoundedCorner.swift */; };
		454145841CB8C7B400F64225 /* tags.json in Resources */ = {isa = PBXBuildFile; fileRef = 454145831CB8C7B400F64225 /* tags.json */; };
/* End PBXBuildFile section */

/* Begin PBXContainerItemProxy section */
		4521EC391CB162FD00A0DA5B /* PBXContainerItemProxy */ = {
			isa = PBXContainerItemProxy;
			containerPortal = 4521EC1C1CB162FD00A0DA5B /* Project object */;
			proxyType = 1;
			remoteGlobalIDString = 4521EC231CB162FD00A0DA5B;
			remoteInfo = JYTagView;
		};
		4521EC441CB162FD00A0DA5B /* PBXContainerItemProxy */ = {
			isa = PBXContainerItemProxy;
			containerPortal = 4521EC1C1CB162FD00A0DA5B /* Project object */;
			proxyType = 1;
			remoteGlobalIDString = 4521EC231CB162FD00A0DA5B;
			remoteInfo = JYTagView;
		};
/* End PBXContainerItemProxy section */

/* Begin PBXFileReference section */
		17BFC398F81A660C4DB05EDE /* Pods.release.xcconfig */ = {isa = PBXFileReference; includeInIndex = 1; lastKnownFileType = text.xcconfig; name = Pods.release.xcconfig; path = "Pods/Target Support Files/Pods/Pods.release.xcconfig"; sourceTree = "<group>"; };
		4521EC241CB162FD00A0DA5B /* JYTagView.app */ = {isa = PBXFileReference; explicitFileType = wrapper.application; includeInIndex = 0; path = JYTagView.app; sourceTree = BUILT_PRODUCTS_DIR; };
		4521EC271CB162FD00A0DA5B /* AppDelegate.swift */ = {isa = PBXFileReference; lastKnownFileType = sourcecode.swift; path = AppDelegate.swift; sourceTree = "<group>"; };
		4521EC291CB162FD00A0DA5B /* ViewController.swift */ = {isa = PBXFileReference; lastKnownFileType = sourcecode.swift; path = ViewController.swift; sourceTree = "<group>"; };
		4521EC2C1CB162FD00A0DA5B /* Base */ = {isa = PBXFileReference; lastKnownFileType = file.storyboard; name = Base; path = Base.lproj/Main.storyboard; sourceTree = "<group>"; };
		4521EC2E1CB162FD00A0DA5B /* Assets.xcassets */ = {isa = PBXFileReference; lastKnownFileType = folder.assetcatalog; path = Assets.xcassets; sourceTree = "<group>"; };
		4521EC311CB162FD00A0DA5B /* Base */ = {isa = PBXFileReference; lastKnownFileType = file.storyboard; name = Base; path = Base.lproj/LaunchScreen.storyboard; sourceTree = "<group>"; };
		4521EC331CB162FD00A0DA5B /* Info.plist */ = {isa = PBXFileReference; lastKnownFileType = text.plist.xml; path = Info.plist; sourceTree = "<group>"; };
		4521EC381CB162FD00A0DA5B /* JYTagViewTests.xctest */ = {isa = PBXFileReference; explicitFileType = wrapper.cfbundle; includeInIndex = 0; path = JYTagViewTests.xctest; sourceTree = BUILT_PRODUCTS_DIR; };
		4521EC3C1CB162FD00A0DA5B /* JYTagViewTests.swift */ = {isa = PBXFileReference; lastKnownFileType = sourcecode.swift; path = JYTagViewTests.swift; sourceTree = "<group>"; };
		4521EC3E1CB162FD00A0DA5B /* Info.plist */ = {isa = PBXFileReference; lastKnownFileType = text.plist.xml; path = Info.plist; sourceTree = "<group>"; };
		4521EC431CB162FD00A0DA5B /* JYTagViewUITests.xctest */ = {isa = PBXFileReference; explicitFileType = wrapper.cfbundle; includeInIndex = 0; path = JYTagViewUITests.xctest; sourceTree = BUILT_PRODUCTS_DIR; };
		4521EC471CB162FD00A0DA5B /* JYTagViewUITests.swift */ = {isa = PBXFileReference; lastKnownFileType = sourcecode.swift; path = JYTagViewUITests.swift; sourceTree = "<group>"; };
		4521EC491CB162FD00A0DA5B /* Info.plist */ = {isa = PBXFileReference; lastKnownFileType = text.plist.xml; path = Info.plist; sourceTree = "<group>"; };
		4521EC561CB1780300A0DA5B /* JYTagModel.swift */ = {isa = PBXFileReference; fileEncoding = 4; lastKnownFileType = sourcecode.swift; path = JYTagModel.swift; sourceTree = "<group>"; };
		4521EC581CB1786200A0DA5B /* JYTagView.swift */ = {isa = PBXFileReference; fileEncoding = 4; lastKnownFileType = sourcecode.swift; path = JYTagView.swift; sourceTree = "<group>"; };
		4521EC5A1CB178C100A0DA5B /* JYTagViewCell.swift */ = {isa = PBXFileReference; fileEncoding = 4; lastKnownFileType = sourcecode.swift; path = JYTagViewCell.swift; sourceTree = "<group>"; };
		4541457F1CB6A85B00F64225 /* UIImage+RoundedCorner.swift */ = {isa = PBXFileReference; fileEncoding = 4; lastKnownFileType = sourcecode.swift; path = "UIImage+RoundedCorner.swift"; sourceTree = "<group>"; };
		454145811CB6B19500F64225 /* UIView+RoundedCorner.swift */ = {isa = PBXFileReference; fileEncoding = 4; lastKnownFileType = sourcecode.swift; path = "UIView+RoundedCorner.swift"; sourceTree = "<group>"; };
		454145831CB8C7B400F64225 /* tags.json */ = {isa = PBXFileReference; fileEncoding = 4; lastKnownFileType = text.json; path = tags.json; sourceTree = "<group>"; };
		7AB3AC69B896558AA72C91D7 /* Pods.debug.xcconfig */ = {isa = PBXFileReference; includeInIndex = 1; lastKnownFileType = text.xcconfig; name = Pods.debug.xcconfig; path = "Pods/Target Support Files/Pods/Pods.debug.xcconfig"; sourceTree = "<group>"; };
		F0B14D882491E136B425E093 /* Pods.framework */ = {isa = PBXFileReference; explicitFileType = wrapper.framework; includeInIndex = 0; path = Pods.framework; sourceTree = BUILT_PRODUCTS_DIR; };
/* End PBXFileReference section */

/* Begin PBXFrameworksBuildPhase section */
		4521EC211CB162FD00A0DA5B /* Frameworks */ = {
			isa = PBXFrameworksBuildPhase;
			buildActionMask = 2147483647;
			files = (
				3A8EC77071FA66F0FCF2FFB8 /* Pods.framework in Frameworks */,
			);
			runOnlyForDeploymentPostprocessing = 0;
		};
		4521EC351CB162FD00A0DA5B /* Frameworks */ = {
			isa = PBXFrameworksBuildPhase;
			buildActionMask = 2147483647;
			files = (
			);
			runOnlyForDeploymentPostprocessing = 0;
		};
		4521EC401CB162FD00A0DA5B /* Frameworks */ = {
			isa = PBXFrameworksBuildPhase;
			buildActionMask = 2147483647;
			files = (
			);
			runOnlyForDeploymentPostprocessing = 0;
		};
/* End PBXFrameworksBuildPhase section */

/* Begin PBXGroup section */
		4521EC1B1CB162FD00A0DA5B = {
			isa = PBXGroup;
			children = (
				4521EC261CB162FD00A0DA5B /* JYTagView */,
				4521EC3B1CB162FD00A0DA5B /* JYTagViewTests */,
				4521EC461CB162FD00A0DA5B /* JYTagViewUITests */,
				4521EC251CB162FD00A0DA5B /* Products */,
				6FE2461DA71102ACFB259063 /* Pods */,
				A98354C04DBCFD389BECB1EA /* Frameworks */,
			);
			sourceTree = "<group>";
		};
		4521EC251CB162FD00A0DA5B /* Products */ = {
			isa = PBXGroup;
			children = (
				4521EC241CB162FD00A0DA5B /* JYTagView.app */,
				4521EC381CB162FD00A0DA5B /* JYTagViewTests.xctest */,
				4521EC431CB162FD00A0DA5B /* JYTagViewUITests.xctest */,
			);
			name = Products;
			sourceTree = "<group>";
		};
		4521EC261CB162FD00A0DA5B /* JYTagView */ = {
			isa = PBXGroup;
			children = (
				4521EC551CB177CD00A0DA5B /* Tag */,
				4521EC271CB162FD00A0DA5B /* AppDelegate.swift */,
				4521EC291CB162FD00A0DA5B /* ViewController.swift */,
				4521EC2B1CB162FD00A0DA5B /* Main.storyboard */,
				4521EC2E1CB162FD00A0DA5B /* Assets.xcassets */,
				4521EC301CB162FD00A0DA5B /* LaunchScreen.storyboard */,
				4521EC331CB162FD00A0DA5B /* Info.plist */,
			);
			path = JYTagView;
			sourceTree = "<group>";
		};
		4521EC3B1CB162FD00A0DA5B /* JYTagViewTests */ = {
			isa = PBXGroup;
			children = (
				4521EC3C1CB162FD00A0DA5B /* JYTagViewTests.swift */,
				4521EC3E1CB162FD00A0DA5B /* Info.plist */,
			);
			path = JYTagViewTests;
			sourceTree = "<group>";
		};
		4521EC461CB162FD00A0DA5B /* JYTagViewUITests */ = {
			isa = PBXGroup;
			children = (
				4521EC471CB162FD00A0DA5B /* JYTagViewUITests.swift */,
				4521EC491CB162FD00A0DA5B /* Info.plist */,
			);
			path = JYTagViewUITests;
			sourceTree = "<group>";
		};
		4521EC551CB177CD00A0DA5B /* Tag */ = {
			isa = PBXGroup;
			children = (
				454145831CB8C7B400F64225 /* tags.json */,
				4521EC561CB1780300A0DA5B /* JYTagModel.swift */,
				4521EC581CB1786200A0DA5B /* JYTagView.swift */,
				4521EC5A1CB178C100A0DA5B /* JYTagViewCell.swift */,
				4541457F1CB6A85B00F64225 /* UIImage+RoundedCorner.swift */,
				454145811CB6B19500F64225 /* UIView+RoundedCorner.swift */,
			);
			path = Tag;
			sourceTree = "<group>";
		};
		6FE2461DA71102ACFB259063 /* Pods */ = {
			isa = PBXGroup;
			children = (
				7AB3AC69B896558AA72C91D7 /* Pods.debug.xcconfig */,
				17BFC398F81A660C4DB05EDE /* Pods.release.xcconfig */,
			);
			name = Pods;
			sourceTree = "<group>";
		};
		A98354C04DBCFD389BECB1EA /* Frameworks */ = {
			isa = PBXGroup;
			children = (
				F0B14D882491E136B425E093 /* Pods.framework */,
			);
			name = Frameworks;
			sourceTree = "<group>";
		};
/* End PBXGroup section */

/* Begin PBXNativeTarget section */
		4521EC231CB162FD00A0DA5B /* JYTagView */ = {
			isa = PBXNativeTarget;
			buildConfigurationList = 4521EC4C1CB162FD00A0DA5B /* Build configuration list for PBXNativeTarget "JYTagView" */;
			buildPhases = (
				C51B327FA25652E04FF4BDCB /* Check Pods Manifest.lock */,
				4521EC201CB162FD00A0DA5B /* Sources */,
				4521EC211CB162FD00A0DA5B /* Frameworks */,
				4521EC221CB162FD00A0DA5B /* Resources */,
				9448916082B80097412FA436 /* Embed Pods Frameworks */,
				BC565E45A9791A9249081504 /* Copy Pods Resources */,
			);
			buildRules = (
			);
			dependencies = (
			);
			name = JYTagView;
			productName = JYTagView;
			productReference = 4521EC241CB162FD00A0DA5B /* JYTagView.app */;
			productType = "com.apple.product-type.application";
		};
		4521EC371CB162FD00A0DA5B /* JYTagViewTests */ = {
			isa = PBXNativeTarget;
			buildConfigurationList = 4521EC4F1CB162FD00A0DA5B /* Build configuration list for PBXNativeTarget "JYTagViewTests" */;
			buildPhases = (
				4521EC341CB162FD00A0DA5B /* Sources */,
				4521EC351CB162FD00A0DA5B /* Frameworks */,
				4521EC361CB162FD00A0DA5B /* Resources */,
			);
			buildRules = (
			);
			dependencies = (
				4521EC3A1CB162FD00A0DA5B /* PBXTargetDependency */,
			);
			name = JYTagViewTests;
			productName = JYTagViewTests;
			productReference = 4521EC381CB162FD00A0DA5B /* JYTagViewTests.xctest */;
			productType = "com.apple.product-type.bundle.unit-test";
		};
		4521EC421CB162FD00A0DA5B /* JYTagViewUITests */ = {
			isa = PBXNativeTarget;
			buildConfigurationList = 4521EC521CB162FD00A0DA5B /* Build configuration list for PBXNativeTarget "JYTagViewUITests" */;
			buildPhases = (
				4521EC3F1CB162FD00A0DA5B /* Sources */,
				4521EC401CB162FD00A0DA5B /* Frameworks */,
				4521EC411CB162FD00A0DA5B /* Resources */,
			);
			buildRules = (
			);
			dependencies = (
				4521EC451CB162FD00A0DA5B /* PBXTargetDependency */,
			);
			name = JYTagViewUITests;
			productName = JYTagViewUITests;
			productReference = 4521EC431CB162FD00A0DA5B /* JYTagViewUITests.xctest */;
			productType = "com.apple.product-type.bundle.ui-testing";
		};
/* End PBXNativeTarget section */

/* Begin PBXProject section */
		4521EC1C1CB162FD00A0DA5B /* Project object */ = {
			isa = PBXProject;
			attributes = {
				LastSwiftUpdateCheck = 0730;
				LastUpgradeCheck = 0730;
				ORGANIZATIONNAME = "张建宇";
				TargetAttributes = {
					4521EC231CB162FD00A0DA5B = {
						CreatedOnToolsVersion = 7.3;
						DevelopmentTeam = U8U5954S52;
					};
					4521EC371CB162FD00A0DA5B = {
						CreatedOnToolsVersion = 7.3;
						DevelopmentTeam = U8U5954S52;
						TestTargetID = 4521EC231CB162FD00A0DA5B;
					};
					4521EC421CB162FD00A0DA5B = {
						CreatedOnToolsVersion = 7.3;
						DevelopmentTeam = U8U5954S52;
						TestTargetID = 4521EC231CB162FD00A0DA5B;
					};
				};
			};
			buildConfigurationList = 4521EC1F1CB162FD00A0DA5B /* Build configuration list for PBXProject "JYTagView" */;
			compatibilityVersion = "Xcode 3.2";
			developmentRegion = English;
			hasScannedForEncodings = 0;
			knownRegions = (
				en,
				Base,
			);
			mainGroup = 4521EC1B1CB162FD00A0DA5B;
			productRefGroup = 4521EC251CB162FD00A0DA5B /* Products */;
			projectDirPath = "";
			projectRoot = "";
			targets = (
				4521EC231CB162FD00A0DA5B /* JYTagView */,
				4521EC371CB162FD00A0DA5B /* JYTagViewTests */,
				4521EC421CB162FD00A0DA5B /* JYTagViewUITests */,
			);
		};
/* End PBXProject section */

/* Begin PBXResourcesBuildPhase section */
		4521EC221CB162FD00A0DA5B /* Resources */ = {
			isa = PBXResourcesBuildPhase;
			buildActionMask = 2147483647;
			files = (
				454145841CB8C7B400F64225 /* tags.json in Resources */,
				4521EC321CB162FD00A0DA5B /* LaunchScreen.storyboard in Resources */,
				4521EC2F1CB162FD00A0DA5B /* Assets.xcassets in Resources */,
				4521EC2D1CB162FD00A0DA5B /* Main.storyboard in Resources */,
			);
			runOnlyForDeploymentPostprocessing = 0;
		};
		4521EC361CB162FD00A0DA5B /* Resources */ = {
			isa = PBXResourcesBuildPhase;
			buildActionMask = 2147483647;
			files = (
			);
			runOnlyForDeploymentPostprocessing = 0;
		};
		4521EC411CB162FD00A0DA5B /* Resources */ = {
			isa = PBXResourcesBuildPhase;
			buildActionMask = 2147483647;
			files = (
			);
			runOnlyForDeploymentPostprocessing = 0;
		};
/* End PBXResourcesBuildPhase section */

/* Begin PBXShellScriptBuildPhase section */
		9448916082B80097412FA436 /* Embed Pods Frameworks */ = {
			isa = PBXShellScriptBuildPhase;
			buildActionMask = 2147483647;
			files = (
			);
			inputPaths = (
			);
			name = "Embed Pods Frameworks";
			outputPaths = (
			);
			runOnlyForDeploymentPostprocessing = 0;
			shellPath = /bin/sh;
			shellScript = "\"${SRCROOT}/Pods/Target Support Files/Pods/Pods-frameworks.sh\"\n";
			showEnvVarsInLog = 0;
		};
		BC565E45A9791A9249081504 /* Copy Pods Resources */ = {
			isa = PBXShellScriptBuildPhase;
			buildActionMask = 2147483647;
			files = (
			);
			inputPaths = (
			);
			name = "Copy Pods Resources";
			outputPaths = (
			);
			runOnlyForDeploymentPostprocessing = 0;
			shellPath = /bin/sh;
			shellScript = "\"${SRCROOT}/Pods/Target Support Files/Pods/Pods-resources.sh\"\n";
			showEnvVarsInLog = 0;
		};
		C51B327FA25652E04FF4BDCB /* Check Pods Manifest.lock */ = {
			isa = PBXShellScriptBuildPhase;
			buildActionMask = 2147483647;
			files = (
			);
			inputPaths = (
			);
			name = "Check Pods Manifest.lock";
			outputPaths = (
			);
			runOnlyForDeploymentPostprocessing = 0;
			shellPath = /bin/sh;
			shellScript = "diff \"${PODS_ROOT}/../Podfile.lock\" \"${PODS_ROOT}/Manifest.lock\" > /dev/null\nif [[ $? != 0 ]] ; then\n    cat << EOM\nerror: The sandbox is not in sync with the Podfile.lock. Run 'pod install' or update your CocoaPods installation.\nEOM\n    exit 1\nfi\n";
			showEnvVarsInLog = 0;
		};
/* End PBXShellScriptBuildPhase section */

/* Begin PBXSourcesBuildPhase section */
		4521EC201CB162FD00A0DA5B /* Sources */ = {
			isa = PBXSourcesBuildPhase;
			buildActionMask = 2147483647;
			files = (
				454145801CB6A85B00F64225 /* UIImage+RoundedCorner.swift in Sources */,
				454145821CB6B19500F64225 /* UIView+RoundedCorner.swift in Sources */,
				4521EC591CB1786300A0DA5B /* JYTagView.swift in Sources */,
				4521EC571CB1780300A0DA5B /* JYTagModel.swift in Sources */,
				4521EC5B1CB178C100A0DA5B /* JYTagViewCell.swift in Sources */,
				4521EC2A1CB162FD00A0DA5B /* ViewController.swift in Sources */,
				4521EC281CB162FD00A0DA5B /* AppDelegate.swift in Sources */,
			);
			runOnlyForDeploymentPostprocessing = 0;
		};
		4521EC341CB162FD00A0DA5B /* Sources */ = {
			isa = PBXSourcesBuildPhase;
			buildActionMask = 2147483647;
			files = (
				4521EC3D1CB162FD00A0DA5B /* JYTagViewTests.swift in Sources */,
			);
			runOnlyForDeploymentPostprocessing = 0;
		};
		4521EC3F1CB162FD00A0DA5B /* Sources */ = {
			isa = PBXSourcesBuildPhase;
			buildActionMask = 2147483647;
			files = (
				4521EC481CB162FD00A0DA5B /* JYTagViewUITests.swift in Sources */,
			);
			runOnlyForDeploymentPostprocessing = 0;
		};
/* End PBXSourcesBuildPhase section */

/* Begin PBXTargetDependency section */
		4521EC3A1CB162FD00A0DA5B /* PBXTargetDependency */ = {
			isa = PBXTargetDependency;
			target = 4521EC231CB162FD00A0DA5B /* JYTagView */;
			targetProxy = 4521EC391CB162FD00A0DA5B /* PBXContainerItemProxy */;
		};
		4521EC451CB162FD00A0DA5B /* PBXTargetDependency */ = {
			isa = PBXTargetDependency;
			target = 4521EC231CB162FD00A0DA5B /* JYTagView */;
			targetProxy = 4521EC441CB162FD00A0DA5B /* PBXContainerItemProxy */;
		};
/* End PBXTargetDependency section */

/* Begin PBXVariantGroup section */
		4521EC2B1CB162FD00A0DA5B /* Main.storyboard */ = {
			isa = PBXVariantGroup;
			children = (
				4521EC2C1CB162FD00A0DA5B /* Base */,
			);
			name = Main.storyboard;
			sourceTree = "<group>";
		};
		4521EC301CB162FD00A0DA5B /* LaunchScreen.storyboard */ = {
			isa = PBXVariantGroup;
			children = (
				4521EC311CB162FD00A0DA5B /* Base */,
			);
			name = LaunchScreen.storyboard;
			sourceTree = "<group>";
		};
/* End PBXVariantGroup section */

/* Begin XCBuildConfiguration section */
		4521EC4A1CB162FD00A0DA5B /* Debug */ = {
			isa = XCBuildConfiguration;
			buildSettings = {
				ALWAYS_SEARCH_USER_PATHS = NO;
				CLANG_ANALYZER_NONNULL = YES;
				CLANG_CXX_LANGUAGE_STANDARD = "gnu++0x";
				CLANG_CXX_LIBRARY = "libc++";
				CLANG_ENABLE_MODULES = YES;
				CLANG_ENABLE_OBJC_ARC = YES;
				CLANG_WARN_BOOL_CONVERSION = YES;
				CLANG_WARN_CONSTANT_CONVERSION = YES;
				CLANG_WARN_DIRECT_OBJC_ISA_USAGE = YES_ERROR;
				CLANG_WARN_EMPTY_BODY = YES;
				CLANG_WARN_ENUM_CONVERSION = YES;
				CLANG_WARN_INT_CONVERSION = YES;
				CLANG_WARN_OBJC_ROOT_CLASS = YES_ERROR;
				CLANG_WARN_UNREACHABLE_CODE = YES;
				CLANG_WARN__DUPLICATE_METHOD_MATCH = YES;
				"CODE_SIGN_IDENTITY[sdk=iphoneos*]" = "iPhone Developer";
				COPY_PHASE_STRIP = NO;
				DEBUG_INFORMATION_FORMAT = dwarf;
				ENABLE_STRICT_OBJC_MSGSEND = YES;
				ENABLE_TESTABILITY = YES;
				GCC_C_LANGUAGE_STANDARD = gnu99;
				GCC_DYNAMIC_NO_PIC = NO;
				GCC_NO_COMMON_BLOCKS = YES;
				GCC_OPTIMIZATION_LEVEL = 0;
				GCC_PREPROCESSOR_DEFINITIONS = (
					"DEBUG=1",
					"$(inherited)",
				);
				GCC_WARN_64_TO_32_BIT_CONVERSION = YES;
				GCC_WARN_ABOUT_RETURN_TYPE = YES_ERROR;
				GCC_WARN_UNDECLARED_SELECTOR = YES;
				GCC_WARN_UNINITIALIZED_AUTOS = YES_AGGRESSIVE;
				GCC_WARN_UNUSED_FUNCTION = YES;
				GCC_WARN_UNUSED_VARIABLE = YES;
				IPHONEOS_DEPLOYMENT_TARGET = 9.3;
				MTL_ENABLE_DEBUG_INFO = YES;
				ONLY_ACTIVE_ARCH = YES;
				SDKROOT = iphoneos;
				SWIFT_OPTIMIZATION_LEVEL = "-Onone";
			};
			name = Debug;
		};
		4521EC4B1CB162FD00A0DA5B /* Release */ = {
			isa = XCBuildConfiguration;
			buildSettings = {
				ALWAYS_SEARCH_USER_PATHS = NO;
				CLANG_ANALYZER_NONNULL = YES;
				CLANG_CXX_LANGUAGE_STANDARD = "gnu++0x";
				CLANG_CXX_LIBRARY = "libc++";
				CLANG_ENABLE_MODULES = YES;
				CLANG_ENABLE_OBJC_ARC = YES;
				CLANG_WARN_BOOL_CONVERSION = YES;
				CLANG_WARN_CONSTANT_CONVERSION = YES;
				CLANG_WARN_DIRECT_OBJC_ISA_USAGE = YES_ERROR;
				CLANG_WARN_EMPTY_BODY = YES;
				CLANG_WARN_ENUM_CONVERSION = YES;
				CLANG_WARN_INT_CONVERSION = YES;
				CLANG_WARN_OBJC_ROOT_CLASS = YES_ERROR;
				CLANG_WARN_UNREACHABLE_CODE = YES;
				CLANG_WARN__DUPLICATE_METHOD_MATCH = YES;
				"CODE_SIGN_IDENTITY[sdk=iphoneos*]" = "iPhone Developer";
				COPY_PHASE_STRIP = NO;
				DEBUG_INFORMATION_FORMAT = "dwarf-with-dsym";
				ENABLE_NS_ASSERTIONS = NO;
				ENABLE_STRICT_OBJC_MSGSEND = YES;
				GCC_C_LANGUAGE_STANDARD = gnu99;
				GCC_NO_COMMON_BLOCKS = YES;
				GCC_WARN_64_TO_32_BIT_CONVERSION = YES;
				GCC_WARN_ABOUT_RETURN_TYPE = YES_ERROR;
				GCC_WARN_UNDECLARED_SELECTOR = YES;
				GCC_WARN_UNINITIALIZED_AUTOS = YES_AGGRESSIVE;
				GCC_WARN_UNUSED_FUNCTION = YES;
				GCC_WARN_UNUSED_VARIABLE = YES;
				IPHONEOS_DEPLOYMENT_TARGET = 9.3;
				MTL_ENABLE_DEBUG_INFO = NO;
				SDKROOT = iphoneos;
				VALIDATE_PRODUCT = YES;
			};
			name = Release;
		};
		4521EC4D1CB162FD00A0DA5B /* Debug */ = {
			isa = XCBuildConfiguration;
			baseConfigurationReference = 7AB3AC69B896558AA72C91D7 /* Pods.debug.xcconfig */;
			buildSettings = {
				ASSETCATALOG_COMPILER_APPICON_NAME = AppIcon;
				INFOPLIST_FILE = JYTagView/Info.plist;
				IPHONEOS_DEPLOYMENT_TARGET = 7.0;
				LD_RUNPATH_SEARCH_PATHS = "$(inherited) @executable_path/Frameworks";
				PRODUCT_BUNDLE_IDENTIFIER = cn.Jatstar.JYTagView;
				PRODUCT_NAME = "$(TARGET_NAME)";
			};
			name = Debug;
		};
		4521EC4E1CB162FD00A0DA5B /* Release */ = {
			isa = XCBuildConfiguration;
			baseConfigurationReference = 17BFC398F81A660C4DB05EDE /* Pods.release.xcconfig */;
			buildSettings = {
				ASSETCATALOG_COMPILER_APPICON_NAME = AppIcon;
				INFOPLIST_FILE = JYTagView/Info.plist;
				IPHONEOS_DEPLOYMENT_TARGET = 7.0;
				LD_RUNPATH_SEARCH_PATHS = "$(inherited) @executable_path/Frameworks";
				PRODUCT_BUNDLE_IDENTIFIER = cn.Jatstar.JYTagView;
				PRODUCT_NAME = "$(TARGET_NAME)";
			};
			name = Release;
		};
		4521EC501CB162FD00A0DA5B /* Debug */ = {
			isa = XCBuildConfiguration;
			buildSettings = {
				BUNDLE_LOADER = "$(TEST_HOST)";
				INFOPLIST_FILE = JYTagViewTests/Info.plist;
				LD_RUNPATH_SEARCH_PATHS = "$(inherited) @executable_path/Frameworks @loader_path/Frameworks";
				PRODUCT_BUNDLE_IDENTIFIER = cn.Jatstar.JYTagViewTests;
				PRODUCT_NAME = "$(TARGET_NAME)";
				TEST_HOST = "$(BUILT_PRODUCTS_DIR)/JYTagView.app/JYTagView";
			};
			name = Debug;
		};
		4521EC511CB162FD00A0DA5B /* Release */ = {
			isa = XCBuildConfiguration;
			buildSettings = {
				BUNDLE_LOADER = "$(TEST_HOST)";
				INFOPLIST_FILE = JYTagViewTests/Info.plist;
				LD_RUNPATH_SEARCH_PATHS = "$(inherited) @executable_path/Frameworks @loader_path/Frameworks";
				PRODUCT_BUNDLE_IDENTIFIER = cn.Jatstar.JYTagViewTests;
				PRODUCT_NAME = "$(TARGET_NAME)";
				TEST_HOST = "$(BUILT_PRODUCTS_DIR)/JYTagView.app/JYTagView";
			};
			name = Release;
		};
		4521EC531CB162FD00A0DA5B /* Debug */ = {
			isa = XCBuildConfiguration;
			buildSettings = {
				INFOPLIST_FILE = JYTagViewUITests/Info.plist;
				LD_RUNPATH_SEARCH_PATHS = "$(inherited) @executable_path/Frameworks @loader_path/Frameworks";
				PRODUCT_BUNDLE_IDENTIFIER = cn.Jatstar.JYTagViewUITests;
				PRODUCT_NAME = "$(TARGET_NAME)";
				TEST_TARGET_NAME = JYTagView;
			};
			name = Debug;
		};
		4521EC541CB162FD00A0DA5B /* Release */ = {
			isa = XCBuildConfiguration;
			buildSettings = {
				INFOPLIST_FILE = JYTagViewUITests/Info.plist;
				LD_RUNPATH_SEARCH_PATHS = "$(inherited) @executable_path/Frameworks @loader_path/Frameworks";
				PRODUCT_BUNDLE_IDENTIFIER = cn.Jatstar.JYTagViewUITests;
				PRODUCT_NAME = "$(TARGET_NAME)";
				TEST_TARGET_NAME = JYTagView;
			};
			name = Release;
		};
/* End XCBuildConfiguration section */

/* Begin XCConfigurationList section */
		4521EC1F1CB162FD00A0DA5B /* Build configuration list for PBXProject "JYTagView" */ = {
			isa = XCConfigurationList;
			buildConfigurations = (
				4521EC4A1CB162FD00A0DA5B /* Debug */,
				4521EC4B1CB162FD00A0DA5B /* Release */,
			);
			defaultConfigurationIsVisible = 0;
			defaultConfigurationName = Release;
		};
		4521EC4C1CB162FD00A0DA5B /* Build configuration list for PBXNativeTarget "JYTagView" */ = {
			isa = XCConfigurationList;
			buildConfigurations = (
				4521EC4D1CB162FD00A0DA5B /* Debug */,
				4521EC4E1CB162FD00A0DA5B /* Release */,
			);
			defaultConfigurationIsVisible = 0;
			defaultConfigurationName = Release;
		};
		4521EC4F1CB162FD00A0DA5B /* Build configuration list for PBXNativeTarget "JYTagViewTests" */ = {
			isa = XCConfigurationList;
			buildConfigurations = (
				4521EC501CB162FD00A0DA5B /* Debug */,
				4521EC511CB162FD00A0DA5B /* Release */,
			);
			defaultConfigurationIsVisible = 0;
			defaultConfigurationName = Release;
		};
		4521EC521CB162FD00A0DA5B /* Build configuration list for PBXNativeTarget "JYTagViewUITests" */ = {
			isa = XCConfigurationList;
			buildConfigurations = (
				4521EC531CB162FD00A0DA5B /* Debug */,
				4521EC541CB162FD00A0DA5B /* Release */,
			);
			defaultConfigurationIsVisible = 0;
			defaultConfigurationName = Release;
		};
/* End XCConfigurationList section */
	};
	rootObject = 4521EC1C1CB162FD00A0DA5B /* Project object */;
}
